PODS:
  - AWSCore (2.3.6)
  - AWSSNS (2.3.6):
    - AWSCore (= 2.3.6)

DEPENDENCIES:
  - AWSSNS

SPEC CHECKSUMS:
  AWSCore: 917d84b32974136194a905b98c0ae25c9f3350b8
  AWSSNS: 37c7f4c80657a621fbabccf7d0f352e3c018fbd0

PODFILE CHECKSUM: a5b8bcee4325407eb868e69f69718d4a9826e2bf

COCOAPODS: 1.0.0.beta.6
